
Microsoft Visual Studio Solution File, Format Version 12.00
# Visual Studio Version 17
VisualStudioVersion = 17.11.35312.102
MinimumVisualStudioVersion = 10.0.40219.1
Project("{FAE04EC0-301F-11D3-BF4B-00C04F79EFBC}") = "LoginDBLunes", "LoginDBLunes\LoginDBLunes.csproj", "{0E3491AE-C54F-4BDD-BB9C-8AC9C8F80E5B}"
EndProject
Global
	GlobalSection(SolutionConfigurationPlatforms) = preSolution
		Debug|Any CPU = Debug|Any CPU
		Release|Any CPU = Release|Any CPU
	EndGlobalSection
	GlobalSection(ProjectConfigurationPlatforms) = postSolution
		{0E3491AE-C54F-4BDD-BB9C-8AC9C8F80E5B}.Debug|Any CPU.ActiveCfg = Debug|Any CPU
		{0E3491AE-C54F-4BDD-BB9C-8AC9C8F80E5B}.Debug|Any CPU.Build.0 = Debug|Any CPU
		{0E3491AE-C54F-4BDD-BB9C-8AC9C8F80E5B}.Release|Any CPU.ActiveCfg = Release|Any CPU
		{0E3491AE-C54F-4BDD-BB9C-8AC9C8F80E5B}.Release|Any CPU.Build.0 = Release|Any CPU
	EndGlobalSection
	GlobalSection(SolutionProperties) = preSolution
		HideSolutionNode = FALSE
	EndGlobalSection
	GlobalSection(ExtensibilityGlobals) = postSolution
		SolutionGuid = {A768A69B-718C-4EAB-89D2-FC7C331C66D5}
	EndGlobalSection
EndGlobal
